
Microsoft Visual Studio Solution File, Format Version 12.00
# Visual Studio Version 17
VisualStudioVersion = 17.13.35825.156 d17.13
MinimumVisualStudioVersion = 10.0.40219.1
Project("{8BC9CEB8-8B4A-11D0-8D11-00A0C91BC942}") = "SecureUxTheme", "SecureUxTheme\SecureUxTheme.vcxproj", "{AFD3AC49-3A34-4B7C-B757-CE5A494FF223}"
EndProject
Project("{8BC9CEB8-8B4A-11D0-8D11-00A0C91BC942}") = "ThemeTool", "ThemeTool\ThemeTool.vcxproj", "{3FE391EA-6609-4B19-B377-454B64318EFF}"
	ProjectSection(ProjectDependencies) = postProject
		{AFD3AC49-3A34-4B7C-B757-CE5A494FF223} = {AFD3AC49-3A34-4B7C-B757-CE5A494FF223}
	EndProjectSection
EndProject
Global
	GlobalSection(SolutionConfigurationPlatforms) = preSolution
		Debug|x64 = Debug|x64
		Debug|x86 = Debug|x86
		Release|x64 = Release|x64
		Release|x86 = Release|x86
	EndGlobalSection
	GlobalSection(ProjectConfigurationPlatforms) = postSolution
		{AFD3AC49-3A34-4B7C-B757-CE5A494FF223}.Debug|x64.ActiveCfg = Release|x64
		{AFD3AC49-3A34-4B7C-B757-CE5A494FF223}.Debug|x64.Build.0 = Release|x64
		{AFD3AC49-3A34-4B7C-B757-CE5A494FF223}.Debug|x86.ActiveCfg = Debug|Win32
		{AFD3AC49-3A34-4B7C-B757-CE5A494FF223}.Debug|x86.Build.0 = Debug|Win32
		{AFD3AC49-3A34-4B7C-B757-CE5A494FF223}.Release|x64.ActiveCfg = Release|x64
		{AFD3AC49-3A34-4B7C-B757-CE5A494FF223}.Release|x64.Build.0 = Release|x64
		{AFD3AC49-3A34-4B7C-B757-CE5A494FF223}.Release|x86.ActiveCfg = Release|Win32
		{AFD3AC49-3A34-4B7C-B757-CE5A494FF223}.Release|x86.Build.0 = Release|Win32
		{3FE391EA-6609-4B19-B377-454B64318EFF}.Debug|x64.ActiveCfg = Debug|x64
		{3FE391EA-6609-4B19-B377-454B64318EFF}.Debug|x64.Build.0 = Debug|x64
		{3FE391EA-6609-4B19-B377-454B64318EFF}.Debug|x86.ActiveCfg = Debug|Win32
		{3FE391EA-6609-4B19-B377-454B64318EFF}.Debug|x86.Build.0 = Debug|Win32
		{3FE391EA-6609-4B19-B377-454B64318EFF}.Release|x64.ActiveCfg = Release|x64
		{3FE391EA-6609-4B19-B377-454B64318EFF}.Release|x64.Build.0 = Release|x64
		{3FE391EA-6609-4B19-B377-454B64318EFF}.Release|x86.ActiveCfg = Release|Win32
	EndGlobalSection
	GlobalSection(SolutionProperties) = preSolution
		HideSolutionNode = FALSE
	EndGlobalSection
	GlobalSection(ExtensibilityGlobals) = postSolution
		SolutionGuid = {92C37038-76C9-473A-8669-09969FC3B7CA}
	EndGlobalSection
EndGlobal
